
Microsoft Visual Studio Solution File, Format Version 12.00
# Visual Studio Version 17
VisualStudioVersion = 17.0.31903.59
MinimumVisualStudioVersion = 10.0.40219.1
Project("{FAE04EC0-301F-11D3-BF4B-00C04F79EFBC}") = "PrimeService", "PrimeService\PrimeService.csproj", "{01F07442-2141-4092-98AE-B8D7ECF7D504}"
EndProject
Project("{FAE04EC0-301F-11D3-BF4B-00C04F79EFBC}") = "PrimeService.Tests", "PrimeService.Tests\PrimeService.Tests.csproj", "{295FD2C5-20E9-4FFC-B207-6B259E01C1CE}"
EndProject
Project("{FAE04EC0-301F-11D3-BF4B-00C04F79EFBC}") = "unit-testing-using-nunit", "unit-testing-using-nunit\unit-testing-using-nunit.csproj", "{9150A79D-5D28-42DC-BB00-04F23120CD5A}"
EndProject
Project("{FAE04EC0-301F-11D3-BF4B-00C04F79EFBC}") = "StringService", "StringService\StringService.csproj", "{E4BB32A2-2D19-4E79-9793-EF64B0269981}"
EndProject
Project("{FAE04EC0-301F-11D3-BF4B-00C04F79EFBC}") = "StringService.Tests", "StringService.Tests\StringService.Tests.csproj", "{1AF8AF6B-DEF6-473D-BABA-FE48FDA6933F}"
EndProject
Project("{FAE04EC0-301F-11D3-BF4B-00C04F79EFBC}") = "GenericService", "GenericService\GenericService.csproj", "{2F7ED668-8BD5-4C96-B560-F621B2297C33}"
EndProject
Project("{FAE04EC0-301F-11D3-BF4B-00C04F79EFBC}") = "GenericService.Tests", "GenericService.Tests\GenericService.Tests.csproj", "{F6173D71-E129-47AF-90AA-0B9F32AFCEB5}"
EndProject
Project("{FAE04EC0-301F-11D3-BF4B-00C04F79EFBC}") = "InferenceService", "InferenceService\InferenceService.csproj", "{E6FDC8A6-D4CD-4697-807A-A4B92BE0DD2A}"
EndProject
Project("{FAE04EC0-301F-11D3-BF4B-00C04F79EFBC}") = "InferenceService.Tests", "InferenceService.Tests\InferenceService.Tests.csproj", "{A4D8E6A6-36C5-4A64-9627-3EBB0934A1DC}"
EndProject
Global
	GlobalSection(SolutionConfigurationPlatforms) = preSolution
		Debug|Any CPU = Debug|Any CPU
		Release|Any CPU = Release|Any CPU
	EndGlobalSection
	GlobalSection(SolutionProperties) = preSolution
		HideSolutionNode = FALSE
	EndGlobalSection
	GlobalSection(ProjectConfigurationPlatforms) = postSolution
		{01F07442-2141-4092-98AE-B8D7ECF7D504}.Debug|Any CPU.ActiveCfg = Debug|Any CPU
		{01F07442-2141-4092-98AE-B8D7ECF7D504}.Debug|Any CPU.Build.0 = Debug|Any CPU
		{01F07442-2141-4092-98AE-B8D7ECF7D504}.Release|Any CPU.ActiveCfg = Release|Any CPU
		{01F07442-2141-4092-98AE-B8D7ECF7D504}.Release|Any CPU.Build.0 = Release|Any CPU
		{295FD2C5-20E9-4FFC-B207-6B259E01C1CE}.Debug|Any CPU.ActiveCfg = Debug|Any CPU
		{295FD2C5-20E9-4FFC-B207-6B259E01C1CE}.Debug|Any CPU.Build.0 = Debug|Any CPU
		{295FD2C5-20E9-4FFC-B207-6B259E01C1CE}.Release|Any CPU.ActiveCfg = Release|Any CPU
		{295FD2C5-20E9-4FFC-B207-6B259E01C1CE}.Release|Any CPU.Build.0 = Release|Any CPU
		{9150A79D-5D28-42DC-BB00-04F23120CD5A}.Debug|Any CPU.ActiveCfg = Debug|Any CPU
		{9150A79D-5D28-42DC-BB00-04F23120CD5A}.Debug|Any CPU.Build.0 = Debug|Any CPU
		{9150A79D-5D28-42DC-BB00-04F23120CD5A}.Release|Any CPU.ActiveCfg = Release|Any CPU
		{9150A79D-5D28-42DC-BB00-04F23120CD5A}.Release|Any CPU.Build.0 = Release|Any CPU
		{E4BB32A2-2D19-4E79-9793-EF64B0269981}.Debug|Any CPU.ActiveCfg = Debug|Any CPU
		{E4BB32A2-2D19-4E79-9793-EF64B0269981}.Debug|Any CPU.Build.0 = Debug|Any CPU
		{E4BB32A2-2D19-4E79-9793-EF64B0269981}.Release|Any CPU.ActiveCfg = Release|Any CPU
		{E4BB32A2-2D19-4E79-9793-EF64B0269981}.Release|Any CPU.Build.0 = Release|Any CPU
		{1AF8AF6B-DEF6-473D-BABA-FE48FDA6933F}.Debug|Any CPU.ActiveCfg = Debug|Any CPU
		{1AF8AF6B-DEF6-473D-BABA-FE48FDA6933F}.Debug|Any CPU.Build.0 = Debug|Any CPU
		{1AF8AF6B-DEF6-473D-BABA-FE48FDA6933F}.Release|Any CPU.ActiveCfg = Release|Any CPU
		{1AF8AF6B-DEF6-473D-BABA-FE48FDA6933F}.Release|Any CPU.Build.0 = Release|Any CPU
		{2F7ED668-8BD5-4C96-B560-F621B2297C33}.Debug|Any CPU.ActiveCfg = Debug|Any CPU
		{2F7ED668-8BD5-4C96-B560-F621B2297C33}.Debug|Any CPU.Build.0 = Debug|Any CPU
		{2F7ED668-8BD5-4C96-B560-F621B2297C33}.Release|Any CPU.ActiveCfg = Release|Any CPU
		{2F7ED668-8BD5-4C96-B560-F621B2297C33}.Release|Any CPU.Build.0 = Release|Any CPU
		{F6173D71-E129-47AF-90AA-0B9F32AFCEB5}.Debug|Any CPU.ActiveCfg = Debug|Any CPU
		{F6173D71-E129-47AF-90AA-0B9F32AFCEB5}.Debug|Any CPU.Build.0 = Debug|Any CPU
		{F6173D71-E129-47AF-90AA-0B9F32AFCEB5}.Release|Any CPU.ActiveCfg = Release|Any CPU
		{F6173D71-E129-47AF-90AA-0B9F32AFCEB5}.Release|Any CPU.Build.0 = Release|Any CPU
		{E6FDC8A6-D4CD-4697-807A-A4B92BE0DD2A}.Debug|Any CPU.ActiveCfg = Debug|Any CPU
		{E6FDC8A6-D4CD-4697-807A-A4B92BE0DD2A}.Debug|Any CPU.Build.0 = Debug|Any CPU
		{E6FDC8A6-D4CD-4697-807A-A4B92BE0DD2A}.Release|Any CPU.ActiveCfg = Release|Any CPU
		{E6FDC8A6-D4CD-4697-807A-A4B92BE0DD2A}.Release|Any CPU.Build.0 = Release|Any CPU
		{A4D8E6A6-36C5-4A64-9627-3EBB0934A1DC}.Debug|Any CPU.ActiveCfg = Debug|Any CPU
		{A4D8E6A6-36C5-4A64-9627-3EBB0934A1DC}.Debug|Any CPU.Build.0 = Debug|Any CPU
		{A4D8E6A6-36C5-4A64-9627-3EBB0934A1DC}.Release|Any CPU.ActiveCfg = Release|Any CPU
		{A4D8E6A6-36C5-4A64-9627-3EBB0934A1DC}.Release|Any CPU.Build.0 = Release|Any CPU
	EndGlobalSection
EndGlobal
